// !$*UTF8*$!
{
	archiveVersion = 1;
	classes = {
	};
	objectVersion = 55;
	objects = {

/* Begin PBXBuildFile section */
		865072342724AE7500BE1E4A /* AppDelegate.swift in Sources */ = {isa = PBXBuildFile; fileRef = 865072332724AE7500BE1E4A /* AppDelegate.swift */; };
		865072362724AE7500BE1E4A /* SceneDelegate.swift in Sources */ = {isa = PBXBuildFile; fileRef = 865072352724AE7500BE1E4A /* SceneDelegate.swift */; };
		865072382724AE7500BE1E4A /* ViewController.swift in Sources */ = {isa = PBXBuildFile; fileRef = 865072372724AE7500BE1E4A /* ViewController.swift */; };
		8650723B2724AE7500BE1E4A /* Main.storyboard in Resources */ = {isa = PBXBuildFile; fileRef = 865072392724AE7500BE1E4A /* Main.storyboard */; };
		8650723E2724AE7500BE1E4A /* FoursquareWithParse.xcdatamodeld in Sources */ = {isa = PBXBuildFile; fileRef = 8650723C2724AE7500BE1E4A /* FoursquareWithParse.xcdatamodeld */; };
		865072402724AE7600BE1E4A /* Assets.xcassets in Resources */ = {isa = PBXBuildFile; fileRef = 8650723F2724AE7600BE1E4A /* Assets.xcassets */; };
		865072432724AE7600BE1E4A /* LaunchScreen.storyboard in Resources */ = {isa = PBXBuildFile; fileRef = 865072412724AE7600BE1E4A /* LaunchScreen.storyboard */; };
		8684844D272AA78D000D590F /* PlacesVC.swift in Sources */ = {isa = PBXBuildFile; fileRef = 8684844C272AA78D000D590F /* PlacesVC.swift */; };
		9E5A48B019682686DF30024D /* Pods_FoursquareWithParse.framework in Frameworks */ = {isa = PBXBuildFile; fileRef = C0176E75031C7F8C1C4F521B /* Pods_FoursquareWithParse.framework */; };
/* End PBXBuildFile section */

/* Begin PBXFileReference section */
		865072302724AE7500BE1E4A /* FoursquareWithParse.app */ = {isa = PBXFileReference; explicitFileType = wrapper.application; includeInIndex = 0; path = FoursquareWithParse.app; sourceTree = BUILT_PRODUCTS_DIR; };
		865072332724AE7500BE1E4A /* AppDelegate.swift */ = {isa = PBXFileReference; lastKnownFileType = sourcecode.swift; path = AppDelegate.swift; sourceTree = "<group>"; };
		865072352724AE7500BE1E4A /* SceneDelegate.swift */ = {isa = PBXFileReference; lastKnownFileType = sourcecode.swift; path = SceneDelegate.swift; sourceTree = "<group>"; };
		865072372724AE7500BE1E4A /* ViewController.swift */ = {isa = PBXFileReference; lastKnownFileType = sourcecode.swift; path = ViewController.swift; sourceTree = "<group>"; };
		8650723A2724AE7500BE1E4A /* Base */ = {isa = PBXFileReference; lastKnownFileType = file.storyboard; name = Base; path = Base.lproj/Main.storyboard; sourceTree = "<group>"; };
		8650723D2724AE7500BE1E4A /* FoursquareWithParse.xcdatamodel */ = {isa = PBXFileReference; lastKnownFileType = wrapper.xcdatamodel; path = FoursquareWithParse.xcdatamodel; sourceTree = "<group>"; };
		8650723F2724AE7600BE1E4A /* Assets.xcassets */ = {isa = PBXFileReference; lastKnownFileType = folder.assetcatalog; path = Assets.xcassets; sourceTree = "<group>"; };
		865072422724AE7600BE1E4A /* Base */ = {isa = PBXFileReference; lastKnownFileType = file.storyboard; name = Base; path = Base.lproj/LaunchScreen.storyboard; sourceTree = "<group>"; };
		865072442724AE7600BE1E4A /* Info.plist */ = {isa = PBXFileReference; lastKnownFileType = text.plist.xml; path = Info.plist; sourceTree = "<group>"; };
		8684844C272AA78D000D590F /* PlacesVC.swift */ = {isa = PBXFileReference; lastKnownFileType = sourcecode.swift; path = PlacesVC.swift; sourceTree = "<group>"; };
		C0176E75031C7F8C1C4F521B /* Pods_FoursquareWithParse.framework */ = {isa = PBXFileReference; explicitFileType = wrapper.framework; includeInIndex = 0; path = Pods_FoursquareWithParse.framework; sourceTree = BUILT_PRODUCTS_DIR; };
		D294D5A6B92C87527F8E6622 /* Pods-FoursquareWithParse.release.xcconfig */ = {isa = PBXFileReference; includeInIndex = 1; lastKnownFileType = text.xcconfig; name = "Pods-FoursquareWithParse.release.xcconfig"; path = "Target Support Files/Pods-FoursquareWithParse/Pods-FoursquareWithParse.release.xcconfig"; sourceTree = "<group>"; };
		E5E0A8E99608CAB9861C5FEA /* Pods-FoursquareWithParse.debug.xcconfig */ = {isa = PBXFileReference; includeInIndex = 1; lastKnownFileType = text.xcconfig; name = "Pods-FoursquareWithParse.debug.xcconfig"; path = "Target Support Files/Pods-FoursquareWithParse/Pods-FoursquareWithParse.debug.xcconfig"; sourceTree = "<group>"; };
/* End PBXFileReference section */

/* Begin PBXFrameworksBuildPhase section */
		8650722D2724AE7500BE1E4A /* Frameworks */ = {
			isa = PBXFrameworksBuildPhase;
			buildActionMask = 2147483647;
			files = (
				9E5A48B019682686DF30024D /* Pods_FoursquareWithParse.framework in Frameworks */,
			);
			runOnlyForDeploymentPostprocessing = 0;
		};
/* End PBXFrameworksBuildPhase section */

/* Begin PBXGroup section */
		1D66DF0CEEF61DE15757B545 /* Frameworks */ = {
			isa = PBXGroup;
			children = (
				C0176E75031C7F8C1C4F521B /* Pods_FoursquareWithParse.framework */,
			);
			name = Frameworks;
			sourceTree = "<group>";
		};
		81749F8FF0E15B4F77279BA2 /* Pods */ = {
			isa = PBXGroup;
			children = (
				E5E0A8E99608CAB9861C5FEA /* Pods-FoursquareWithParse.debug.xcconfig */,
				D294D5A6B92C87527F8E6622 /* Pods-FoursquareWithParse.release.xcconfig */,
			);
			path = Pods;
			sourceTree = "<group>";
		};
		865072272724AE7500BE1E4A = {
			isa = PBXGroup;
			children = (
				865072322724AE7500BE1E4A /* FoursquareWithParse */,
				865072312724AE7500BE1E4A /* Products */,
				81749F8FF0E15B4F77279BA2 /* Pods */,
				1D66DF0CEEF61DE15757B545 /* Frameworks */,
			);
			sourceTree = "<group>";
		};
		865072312724AE7500BE1E4A /* Products */ = {
			isa = PBXGroup;
			children = (
				865072302724AE7500BE1E4A /* FoursquareWithParse.app */,
			);
			name = Products;
			sourceTree = "<group>";
		};
		865072322724AE7500BE1E4A /* FoursquareWithParse */ = {
			isa = PBXGroup;
			children = (
				865072332724AE7500BE1E4A /* AppDelegate.swift */,
				865072352724AE7500BE1E4A /* SceneDelegate.swift */,
				865072372724AE7500BE1E4A /* ViewController.swift */,
				865072392724AE7500BE1E4A /* Main.storyboard */,
				8650723F2724AE7600BE1E4A /* Assets.xcassets */,
				865072412724AE7600BE1E4A /* LaunchScreen.storyboard */,
				865072442724AE7600BE1E4A /* Info.plist */,
				8650723C2724AE7500BE1E4A /* FoursquareWithParse.xcdatamodeld */,
				8684844C272AA78D000D590F /* PlacesVC.swift */,
			);
			path = FoursquareWithParse;
			sourceTree = "<group>";
		};
/* End PBXGroup section */

/* Begin PBXNativeTarget section */
		8650722F2724AE7500BE1E4A /* FoursquareWithParse */ = {
			isa = PBXNativeTarget;
			buildConfigurationList = 865072472724AE7600BE1E4A /* Build configuration list for PBXNativeTarget "FoursquareWithParse" */;
			buildPhases = (
				B2532FF517174AC43845BB73 /* [CP] Check Pods Manifest.lock */,
				8650722C2724AE7500BE1E4A /* Sources */,
				8650722D2724AE7500BE1E4A /* Frameworks */,
				8650722E2724AE7500BE1E4A /* Resources */,
				797B8D841628F1CE177917CF /* [CP] Embed Pods Frameworks */,
			);
			buildRules = (
			);
			dependencies = (
			);
			name = FoursquareWithParse;
			productName = FoursquareWithParse;
			productReference = 865072302724AE7500BE1E4A /* FoursquareWithParse.app */;
			productType = "com.apple.product-type.application";
		};
/* End PBXNativeTarget section */

/* Begin PBXProject section */
		865072282724AE7500BE1E4A /* Project object */ = {
			isa = PBXProject;
			attributes = {
				BuildIndependentTargetsInParallel = 1;
				LastSwiftUpdateCheck = 1300;
				LastUpgradeCheck = 1300;
				TargetAttributes = {
					8650722F2724AE7500BE1E4A = {
						CreatedOnToolsVersion = 13.0;
					};
				};
			};
			buildConfigurationList = 8650722B2724AE7500BE1E4A /* Build configuration list for PBXProject "FoursquareWithParse" */;
			compatibilityVersion = "Xcode 13.0";
			developmentRegion = en;
			hasScannedForEncodings = 0;
			knownRegions = (
				en,
				Base,
			);
			mainGroup = 865072272724AE7500BE1E4A;
			productRefGroup = 865072312724AE7500BE1E4A /* Products */;
			projectDirPath = "";
			projectRoot = "";
			targets = (
				8650722F2724AE7500BE1E4A /* FoursquareWithParse */,
			);
		};
/* End PBXProject section */

/* Begin PBXResourcesBuildPhase section */
		8650722E2724AE7500BE1E4A /* Resources */ = {
			isa = PBXResourcesBuildPhase;
			buildActionMask = 2147483647;
			files = (
				865072432724AE7600BE1E4A /* LaunchScreen.storyboard in Resources */,
				865072402724AE7600BE1E4A /* Assets.xcassets in Resources */,
				8650723B2724AE7500BE1E4A /* Main.storyboard in Resources */,
			);
			runOnlyForDeploymentPostprocessing = 0;
		};
/* End PBXResourcesBuildPhase section */

/* Begin PBXShellScriptBuildPhase section */
		797B8D841628F1CE177917CF /* [CP] Embed Pods Frameworks */ = {
			isa = PBXShellScriptBuildPhase;
			buildActionMask = 2147483647;
			files = (
			);
			inputFileListPaths = (
				"${PODS_ROOT}/Target Support Files/Pods-FoursquareWithParse/Pods-FoursquareWithParse-frameworks-${CONFIGURATION}-input-files.xcfilelist",
			);
			name = "[CP] Embed Pods Frameworks";
			outputFileListPaths = (
				"${PODS_ROOT}/Target Support Files/Pods-FoursquareWithParse/Pods-FoursquareWithParse-frameworks-${CONFIGURATION}-output-files.xcfilelist",
			);
			runOnlyForDeploymentPostprocessing = 0;
			shellPath = /bin/sh;
			shellScript = "\"${PODS_ROOT}/Target Support Files/Pods-FoursquareWithParse/Pods-FoursquareWithParse-frameworks.sh\"\n";
			showEnvVarsInLog = 0;
		};
		B2532FF517174AC43845BB73 /* [CP] Check Pods Manifest.lock */ = {
			isa = PBXShellScriptBuildPhase;
			buildActionMask = 2147483647;
			files = (
			);
			inputFileListPaths = (
			);
			inputPaths = (
				"${PODS_PODFILE_DIR_PATH}/Podfile.lock",
				"${PODS_ROOT}/Manifest.lock",
			);
			name = "[CP] Check Pods Manifest.lock";
			outputFileListPaths = (
			);
			outputPaths = (
				"$(DERIVED_FILE_DIR)/Pods-FoursquareWithParse-checkManifestLockResult.txt",
			);
			runOnlyForDeploymentPostprocessing = 0;
			shellPath = /bin/sh;
			shellScript = "diff \"${PODS_PODFILE_DIR_PATH}/Podfile.lock\" \"${PODS_ROOT}/Manifest.lock\" > /dev/null\nif [ $? != 0 ] ; then\n    # print error to STDERR\n    echo \"error: The sandbox is not in sync with the Podfile.lock. Run 'pod install' or update your CocoaPods installation.\" >&2\n    exit 1\nfi\n# This output is used by Xcode 'outputs' to avoid re-running this script phase.\necho \"SUCCESS\" > \"${SCRIPT_OUTPUT_FILE_0}\"\n";
			showEnvVarsInLog = 0;
		};
/* End PBXShellScriptBuildPhase section */

/* Begin PBXSourcesBuildPhase section */
		8650722C2724AE7500BE1E4A /* Sources */ = {
			isa = PBXSourcesBuildPhase;
			buildActionMask = 2147483647;
			files = (
				8650723E2724AE7500BE1E4A /* FoursquareWithParse.xcdatamodeld in Sources */,
				865072382724AE7500BE1E4A /* ViewController.swift in Sources */,
				865072342724AE7500BE1E4A /* AppDelegate.swift in Sources */,
				865072362724AE7500BE1E4A /* SceneDelegate.swift in Sources */,
				8684844D272AA78D000D590F /* PlacesVC.swift in Sources */,
			);
			runOnlyForDeploymentPostprocessing = 0;
		};
/* End PBXSourcesBuildPhase section */

/* Begin PBXVariantGroup section */
		865072392724AE7500BE1E4A /* Main.storyboard */ = {
			isa = PBXVariantGroup;
			children = (
				8650723A2724AE7500BE1E4A /* Base */,
			);
			name = Main.storyboard;
			sourceTree = "<group>";
		};
		865072412724AE7600BE1E4A /* LaunchScreen.storyboard */ = {
			isa = PBXVariantGroup;
			children = (
				865072422724AE7600BE1E4A /* Base */,
			);
			name = LaunchScreen.storyboard;
			sourceTree = "<group>";
		};
/* End PBXVariantGroup section */

/* Begin XCBuildConfiguration section */
		865072452724AE7600BE1E4A /* Debug */ = {
			isa = XCBuildConfiguration;
			buildSettings = {
				ALWAYS_SEARCH_USER_PATHS = NO;
				CLANG_ANALYZER_NONNULL = YES;
				CLANG_ANALYZER_NUMBER_OBJECT_CONVERSION = YES_AGGRESSIVE;
				CLANG_CXX_LANGUAGE_STANDARD = "gnu++14";
				CLANG_CXX_LIBRARY = "libc++";
				CLANG_ENABLE_MODULES = YES;
				CLANG_ENABLE_OBJC_ARC = YES;
				CLANG_ENABLE_OBJC_WEAK = YES;
				CLANG_WARN_BLOCK_CAPTURE_AUTORELEASING = YES;
				CLANG_WARN_BOOL_CONVERSION = YES;
				CLANG_WARN_COMMA = YES;
				CLANG_WARN_CONSTANT_CONVERSION = YES;
				CLANG_WARN_DEPRECATED_OBJC_IMPLEMENTATIONS = YES;
				CLANG_WARN_DIRECT_OBJC_ISA_USAGE = YES_ERROR;
				CLANG_WARN_DOCUMENTATION_COMMENTS = YES;
				CLANG_WARN_EMPTY_BODY = YES;
				CLANG_WARN_ENUM_CONVERSION = YES;
				CLANG_WARN_INFINITE_RECURSION = YES;
				CLANG_WARN_INT_CONVERSION = YES;
				CLANG_WARN_NON_LITERAL_NULL_CONVERSION = YES;
				CLANG_WARN_OBJC_IMPLICIT_RETAIN_SELF = YES;
				CLANG_WARN_OBJC_LITERAL_CONVERSION = YES;
				CLANG_WARN_OBJC_ROOT_CLASS = YES_ERROR;
				CLANG_WARN_QUOTED_INCLUDE_IN_FRAMEWORK_HEADER = YES;
				CLANG_WARN_RANGE_LOOP_ANALYSIS = YES;
				CLANG_WARN_STRICT_PROTOTYPES = YES;
				CLANG_WARN_SUSPICIOUS_MOVE = YES;
				CLANG_WARN_UNGUARDED_AVAILABILITY = YES_AGGRESSIVE;
				CLANG_WARN_UNREACHABLE_CODE = YES;
				CLANG_WARN__DUPLICATE_METHOD_MATCH = YES;
				COPY_PHASE_STRIP = NO;
				DEBUG_INFORMATION_FORMAT = dwarf;
				ENABLE_STRICT_OBJC_MSGSEND = YES;
				ENABLE_TESTABILITY = YES;
				GCC_C_LANGUAGE_STANDARD = gnu11;
				GCC_DYNAMIC_NO_PIC = NO;
				GCC_NO_COMMON_BLOCKS = YES;
				GCC_OPTIMIZATION_LEVEL = 0;
				GCC_PREPROCESSOR_DEFINITIONS = (
					"DEBUG=1",
					"$(inherited)",
				);
				GCC_WARN_64_TO_32_BIT_CONVERSION = YES;
				GCC_WARN_ABOUT_RETURN_TYPE = YES_ERROR;
				GCC_WARN_UNDECLARED_SELECTOR = YES;
				GCC_WARN_UNINITIALIZED_AUTOS = YES_AGGRESSIVE;
				GCC_WARN_UNUSED_FUNCTION = YES;
				GCC_WARN_UNUSED_VARIABLE = YES;
				IPHONEOS_DEPLOYMENT_TARGET = 15.0;
				MTL_ENABLE_DEBUG_INFO = INCLUDE_SOURCE;
				MTL_FAST_MATH = YES;
				ONLY_ACTIVE_ARCH = YES;
				SDKROOT = iphoneos;
				SWIFT_ACTIVE_COMPILATION_CONDITIONS = DEBUG;
				SWIFT_OPTIMIZATION_LEVEL = "-Onone";
			};
			name = Debug;
		};
		865072462724AE7600BE1E4A /* Release */ = {
			isa = XCBuildConfiguration;
			buildSettings = {
				ALWAYS_SEARCH_USER_PATHS = NO;
				CLANG_ANALYZER_NONNULL = YES;
				CLANG_ANALYZER_NUMBER_OBJECT_CONVERSION = YES_AGGRESSIVE;
				CLANG_CXX_LANGUAGE_STANDARD = "gnu++14";
				CLANG_CXX_LIBRARY = "libc++";
				CLANG_ENABLE_MODULES = YES;
				CLANG_ENABLE_OBJC_ARC = YES;
				CLANG_ENABLE_OBJC_WEAK = YES;
				CLANG_WARN_BLOCK_CAPTURE_AUTORELEASING = YES;
				CLANG_WARN_BOOL_CONVERSION = YES;
				CLANG_WARN_COMMA = YES;
				CLANG_WARN_CONSTANT_CONVERSION = YES;
				CLANG_WARN_DEPRECATED_OBJC_IMPLEMENTATIONS = YES;
				CLANG_WARN_DIRECT_OBJC_ISA_USAGE = YES_ERROR;
				CLANG_WARN_DOCUMENTATION_COMMENTS = YES;
				CLANG_WARN_EMPTY_BODY = YES;
				CLANG_WARN_ENUM_CONVERSION = YES;
				CLANG_WARN_INFINITE_RECURSION = YES;
				CLANG_WARN_INT_CONVERSION = YES;
				CLANG_WARN_NON_LITERAL_NULL_CONVERSION = YES;
				CLANG_WARN_OBJC_IMPLICIT_RETAIN_SELF = YES;
				CLANG_WARN_OBJC_LITERAL_CONVERSION = YES;
				CLANG_WARN_OBJC_ROOT_CLASS = YES_ERROR;
				CLANG_WARN_QUOTED_INCLUDE_IN_FRAMEWORK_HEADER = YES;
				CLANG_WARN_RANGE_LOOP_ANALYSIS = YES;
				CLANG_WARN_STRICT_PROTOTYPES = YES;
				CLANG_WARN_SUSPICIOUS_MOVE = YES;
				CLANG_WARN_UNGUARDED_AVAILABILITY = YES_AGGRESSIVE;
				CLANG_WARN_UNREACHABLE_CODE = YES;
				CLANG_WARN__DUPLICATE_METHOD_MATCH = YES;
				COPY_PHASE_STRIP = NO;
				DEBUG_INFORMATION_FORMAT = "dwarf-with-dsym";
				ENABLE_NS_ASSERTIONS = NO;
				ENABLE_STRICT_OBJC_MSGSEND = YES;
				GCC_C_LANGUAGE_STANDARD = gnu11;
				GCC_NO_COMMON_BLOCKS = YES;
				GCC_WARN_64_TO_32_BIT_CONVERSION = YES;
				GCC_WARN_ABOUT_RETURN_TYPE = YES_ERROR;
				GCC_WARN_UNDECLARED_SELECTOR = YES;
				GCC_WARN_UNINITIALIZED_AUTOS = YES_AGGRESSIVE;
				GCC_WARN_UNUSED_FUNCTION = YES;
				GCC_WARN_UNUSED_VARIABLE = YES;
				IPHONEOS_DEPLOYMENT_TARGET = 15.0;
				MTL_ENABLE_DEBUG_INFO = NO;
				MTL_FAST_MATH = YES;
				SDKROOT = iphoneos;
				SWIFT_COMPILATION_MODE = wholemodule;
				SWIFT_OPTIMIZATION_LEVEL = "-O";
				VALIDATE_PRODUCT = YES;
			};
			name = Release;
		};
		865072482724AE7600BE1E4A /* Debug */ = {
			isa = XCBuildConfiguration;
			baseConfigurationReference = E5E0A8E99608CAB9861C5FEA /* Pods-FoursquareWithParse.debug.xcconfig */;
			buildSettings = {
				ASSETCATALOG_COMPILER_APPICON_NAME = AppIcon;
				ASSETCATALOG_COMPILER_GLOBAL_ACCENT_COLOR_NAME = AccentColor;
				CODE_SIGN_STYLE = Automatic;
				CURRENT_PROJECT_VERSION = 1;
				DEVELOPMENT_TEAM = 2NKXPH4W4Y;
				GENERATE_INFOPLIST_FILE = YES;
				INFOPLIST_FILE = FoursquareWithParse/Info.plist;
				INFOPLIST_KEY_CFBundleExecutable = FoursquareWithParse;
				INFOPLIST_KEY_CFBundleName = FoursquareWithParse;
				INFOPLIST_KEY_CFBundleVersion = 1;
				INFOPLIST_KEY_UIApplicationSupportsIndirectInputEvents = YES;
				INFOPLIST_KEY_UILaunchStoryboardName = LaunchScreen;
				INFOPLIST_KEY_UIMainStoryboardFile = Main;
				INFOPLIST_KEY_UISupportedInterfaceOrientations = UIInterfaceOrientationPortrait;
				INFOPLIST_KEY_UISupportedInterfaceOrientations_iPad = "UIInterfaceOrientationPortrait UIInterfaceOrientationPortraitUpsideDown UIInterfaceOrientationLandscapeLeft UIInterfaceOrientationLandscapeRight";
				INFOPLIST_KEY_UISupportedInterfaceOrientations_iPhone = "UIInterfaceOrientationPortrait UIInterfaceOrientationLandscapeLeft UIInterfaceOrientationLandscapeRight";
				LD_RUNPATH_SEARCH_PATHS = (
					"$(inherited)",
					"@executable_path/Frameworks",
				);
				MARKETING_VERSION = 1.0;
				PRODUCT_BUNDLE_IDENTIFIER = com.deneme.FoursquareWithParse;
				PRODUCT_NAME = "$(TARGET_NAME)";
				SWIFT_EMIT_LOC_STRINGS = YES;
				SWIFT_VERSION = 5.0;
				TARGETED_DEVICE_FAMILY = "1,2";
			};
			name = Debug;
		};
		865072492724AE7600BE1E4A /* Release */ = {
			isa = XCBuildConfiguration;
			baseConfigurationReference = D294D5A6B92C87527F8E6622 /* Pods-FoursquareWithParse.release.xcconfig */;
			buildSettings = {
				ASSETCATALOG_COMPILER_APPICON_NAME = AppIcon;
				ASSETCATALOG_COMPILER_GLOBAL_ACCENT_COLOR_NAME = AccentColor;
				CODE_SIGN_STYLE = Automatic;
				CURRENT_PROJECT_VERSION = 1;
				DEVELOPMENT_TEAM = 2NKXPH4W4Y;
				GENERATE_INFOPLIST_FILE = YES;
				INFOPLIST_FILE = FoursquareWithParse/Info.plist;
				INFOPLIST_KEY_CFBundleExecutable = FoursquareWithParse;
				INFOPLIST_KEY_CFBundleName = FoursquareWithParse;
				INFOPLIST_KEY_CFBundleVersion = 1;
				INFOPLIST_KEY_UIApplicationSupportsIndirectInputEvents = YES;
				INFOPLIST_KEY_UILaunchStoryboardName = LaunchScreen;
				INFOPLIST_KEY_UIMainStoryboardFile = Main;
				INFOPLIST_KEY_UISupportedInterfaceOrientations = UIInterfaceOrientationPortrait;
				INFOPLIST_KEY_UISupportedInterfaceOrientations_iPad = "UIInterfaceOrientationPortrait UIInterfaceOrientationPortraitUpsideDown UIInterfaceOrientationLandscapeLeft UIInterfaceOrientationLandscapeRight";
				INFOPLIST_KEY_UISupportedInterfaceOrientations_iPhone = "UIInterfaceOrientationPortrait UIInterfaceOrientationLandscapeLeft UIInterfaceOrientationLandscapeRight";
				LD_RUNPATH_SEARCH_PATHS = (
					"$(inherited)",
					"@executable_path/Frameworks",
				);
				MARKETING_VERSION = 1.0;
				PRODUCT_BUNDLE_IDENTIFIER = com.deneme.FoursquareWithParse;
				PRODUCT_NAME = "$(TARGET_NAME)";
				SWIFT_EMIT_LOC_STRINGS = YES;
				SWIFT_VERSION = 5.0;
				TARGETED_DEVICE_FAMILY = "1,2";
			};
			name = Release;
		};
/* End XCBuildConfiguration section */

/* Begin XCConfigurationList section */
		8650722B2724AE7500BE1E4A /* Build configuration list for PBXProject "FoursquareWithParse" */ = {
			isa = XCConfigurationList;
			buildConfigurations = (
				865072452724AE7600BE1E4A /* Debug */,
				865072462724AE7600BE1E4A /* Release */,
			);
			defaultConfigurationIsVisible = 0;
			defaultConfigurationName = Release;
		};
		865072472724AE7600BE1E4A /* Build configuration list for PBXNativeTarget "FoursquareWithParse" */ = {
			isa = XCConfigurationList;
			buildConfigurations = (
				865072482724AE7600BE1E4A /* Debug */,
				865072492724AE7600BE1E4A /* Release */,
			);
			defaultConfigurationIsVisible = 0;
			defaultConfigurationName = Release;
		};
/* End XCConfigurationList section */

/* Begin XCVersionGroup section */
		8650723C2724AE7500BE1E4A /* FoursquareWithParse.xcdatamodeld */ = {
			isa = XCVersionGroup;
			children = (
				8650723D2724AE7500BE1E4A /* FoursquareWithParse.xcdatamodel */,
			);
			currentVersion = 8650723D2724AE7500BE1E4A /* FoursquareWithParse.xcdatamodel */;
			path = FoursquareWithParse.xcdatamodeld;
			sourceTree = "<group>";
			versionGroupType = wrapper.xcdatamodel;
		};
/* End XCVersionGroup section */
	};
	rootObject = 865072282724AE7500BE1E4A /* Project object */;
}
